// !$*UTF8*$!
{
	archiveVersion = 1;
	classes = {
	};
	objectVersion = 50;
	objects = {

/* Begin PBXBuildFile section */
		EB0833E525E4FA3E00CA3A27 /* ContainerViewController.swift in Sources */ = {isa = PBXBuildFile; fileRef = EB0833E425E4FA3E00CA3A27 /* ContainerViewController.swift */; };
		EB0833E825E4FA7F00CA3A27 /* ChildAViewController.swift in Sources */ = {isa = PBXBuildFile; fileRef = EB0833E725E4FA7F00CA3A27 /* ChildAViewController.swift */; };
		EB0833EB25E4FAA100CA3A27 /* ChildBViewController.swift in Sources */ = {isa = PBXBuildFile; fileRef = EB0833EA25E4FAA100CA3A27 /* ChildBViewController.swift */; };
		EB295CBC25E4F85F000E692B /* AppDelegate.swift in Sources */ = {isa = PBXBuildFile; fileRef = EB295CBB25E4F85F000E692B /* AppDelegate.swift */; };
		EB295CBE25E4F85F000E692B /* SceneDelegate.swift in Sources */ = {isa = PBXBuildFile; fileRef = EB295CBD25E4F85F000E692B /* SceneDelegate.swift */; };
		EB295CC325E4F85F000E692B /* Main.storyboard in Resources */ = {isa = PBXBuildFile; fileRef = EB295CC125E4F85F000E692B /* Main.storyboard */; };
		EB295CC525E4F869000E692B /* Assets.xcassets in Resources */ = {isa = PBXBuildFile; fileRef = EB295CC425E4F869000E692B /* Assets.xcassets */; };
		EB295CC825E4F869000E692B /* LaunchScreen.storyboard in Resources */ = {isa = PBXBuildFile; fileRef = EB295CC625E4F869000E692B /* LaunchScreen.storyboard */; };
/* End PBXBuildFile section */

/* Begin PBXFileReference section */
		EB0833E425E4FA3E00CA3A27 /* ContainerViewController.swift */ = {isa = PBXFileReference; lastKnownFileType = sourcecode.swift; path = ContainerViewController.swift; sourceTree = "<group>"; };
		EB0833E725E4FA7F00CA3A27 /* ChildAViewController.swift */ = {isa = PBXFileReference; lastKnownFileType = sourcecode.swift; path = ChildAViewController.swift; sourceTree = "<group>"; };
		EB0833EA25E4FAA100CA3A27 /* ChildBViewController.swift */ = {isa = PBXFileReference; lastKnownFileType = sourcecode.swift; path = ChildBViewController.swift; sourceTree = "<group>"; };
		EB295CB825E4F85F000E692B /* ContainerViewController.app */ = {isa = PBXFileReference; explicitFileType = wrapper.application; includeInIndex = 0; path = ContainerViewController.app; sourceTree = BUILT_PRODUCTS_DIR; };
		EB295CBB25E4F85F000E692B /* AppDelegate.swift */ = {isa = PBXFileReference; lastKnownFileType = sourcecode.swift; path = AppDelegate.swift; sourceTree = "<group>"; };
		EB295CBD25E4F85F000E692B /* SceneDelegate.swift */ = {isa = PBXFileReference; lastKnownFileType = sourcecode.swift; path = SceneDelegate.swift; sourceTree = "<group>"; };
		EB295CC225E4F85F000E692B /* Base */ = {isa = PBXFileReference; lastKnownFileType = file.storyboard; name = Base; path = Base.lproj/Main.storyboard; sourceTree = "<group>"; };
		EB295CC425E4F869000E692B /* Assets.xcassets */ = {isa = PBXFileReference; lastKnownFileType = folder.assetcatalog; path = Assets.xcassets; sourceTree = "<group>"; };
		EB295CC725E4F869000E692B /* Base */ = {isa = PBXFileReference; lastKnownFileType = file.storyboard; name = Base; path = Base.lproj/LaunchScreen.storyboard; sourceTree = "<group>"; };
		EB295CC925E4F869000E692B /* Info.plist */ = {isa = PBXFileReference; lastKnownFileType = text.plist.xml; path = Info.plist; sourceTree = "<group>"; };
/* End PBXFileReference section */

/* Begin PBXFrameworksBuildPhase section */
		EB295CB525E4F85F000E692B /* Frameworks */ = {
			isa = PBXFrameworksBuildPhase;
			buildActionMask = 2147483647;
			files = (
			);
			runOnlyForDeploymentPostprocessing = 0;
		};
/* End PBXFrameworksBuildPhase section */

/* Begin PBXGroup section */
		EB295CAF25E4F85F000E692B = {
			isa = PBXGroup;
			children = (
				EB295CBA25E4F85F000E692B /* ContainerViewController */,
				EB295CB925E4F85F000E692B /* Products */,
			);
			sourceTree = "<group>";
		};
		EB295CB925E4F85F000E692B /* Products */ = {
			isa = PBXGroup;
			children = (
				EB295CB825E4F85F000E692B /* ContainerViewController.app */,
			);
			name = Products;
			sourceTree = "<group>";
		};
		EB295CBA25E4F85F000E692B /* ContainerViewController */ = {
			isa = PBXGroup;
			children = (
				EB295CBB25E4F85F000E692B /* AppDelegate.swift */,
				EB295CBD25E4F85F000E692B /* SceneDelegate.swift */,
				EB0833E425E4FA3E00CA3A27 /* ContainerViewController.swift */,
				EB295CC125E4F85F000E692B /* Main.storyboard */,
				EB295CC425E4F869000E692B /* Assets.xcassets */,
				EB295CC625E4F869000E692B /* LaunchScreen.storyboard */,
				EB295CC925E4F869000E692B /* Info.plist */,
				EB0833E725E4FA7F00CA3A27 /* ChildAViewController.swift */,
				EB0833EA25E4FAA100CA3A27 /* ChildBViewController.swift */,
			);
			path = ContainerViewController;
			sourceTree = "<group>";
		};
/* End PBXGroup section */

/* Begin PBXNativeTarget section */
		EB295CB725E4F85F000E692B /* ContainerViewController */ = {
			isa = PBXNativeTarget;
			buildConfigurationList = EB295CCC25E4F869000E692B /* Build configuration list for PBXNativeTarget "ContainerViewController" */;
			buildPhases = (
				EB295CB425E4F85F000E692B /* Sources */,
				EB295CB525E4F85F000E692B /* Frameworks */,
				EB295CB625E4F85F000E692B /* Resources */,
			);
			buildRules = (
			);
			dependencies = (
			);
			name = ContainerViewController;
			productName = ContainerViewController;
			productReference = EB295CB825E4F85F000E692B /* ContainerViewController.app */;
			productType = "com.apple.product-type.application";
		};
/* End PBXNativeTarget section */

/* Begin PBXProject section */
		EB295CB025E4F85F000E692B /* Project object */ = {
			isa = PBXProject;
			attributes = {
				LastSwiftUpdateCheck = 1220;
				LastUpgradeCheck = 1220;
				TargetAttributes = {
					EB295CB725E4F85F000E692B = {
						CreatedOnToolsVersion = 12.2;
					};
				};
			};
			buildConfigurationList = EB295CB325E4F85F000E692B /* Build configuration list for PBXProject "ContainerViewController" */;
			compatibilityVersion = "Xcode 9.3";
			developmentRegion = en;
			hasScannedForEncodings = 0;
			knownRegions = (
				en,
				Base,
			);
			mainGroup = EB295CAF25E4F85F000E692B;
			productRefGroup = EB295CB925E4F85F000E692B /* Products */;
			projectDirPath = "";
			projectRoot = "";
			targets = (
				EB295CB725E4F85F000E692B /* ContainerViewController */,
			);
		};
/* End PBXProject section */

/* Begin PBXResourcesBuildPhase section */
		EB295CB625E4F85F000E692B /* Resources */ = {
			isa = PBXResourcesBuildPhase;
			buildActionMask = 2147483647;
			files = (
				EB295CC825E4F869000E692B /* LaunchScreen.storyboard in Resources */,
				EB295CC525E4F869000E692B /* Assets.xcassets in Resources */,
				EB295CC325E4F85F000E692B /* Main.storyboard in Resources */,
			);
			runOnlyForDeploymentPostprocessing = 0;
		};
/* End PBXResourcesBuildPhase section */

/* Begin PBXSourcesBuildPhase section */
		EB295CB425E4F85F000E692B /* Sources */ = {
			isa = PBXSourcesBuildPhase;
			buildActionMask = 2147483647;
			files = (
				EB295CBC25E4F85F000E692B /* AppDelegate.swift in Sources */,
				EB0833E825E4FA7F00CA3A27 /* ChildAViewController.swift in Sources */,
				EB0833E525E4FA3E00CA3A27 /* ContainerViewController.swift in Sources */,
				EB0833EB25E4FAA100CA3A27 /* ChildBViewController.swift in Sources */,
				EB295CBE25E4F85F000E692B /* SceneDelegate.swift in Sources */,
			);
			runOnlyForDeploymentPostprocessing = 0;
		};
/* End PBXSourcesBuildPhase section */

/* Begin PBXVariantGroup section */
		EB295CC125E4F85F000E692B /* Main.storyboard */ = {
			isa = PBXVariantGroup;
			children = (
				EB295CC225E4F85F000E692B /* Base */,
			);
			name = Main.storyboard;
			sourceTree = "<group>";
		};
		EB295CC625E4F869000E692B /* LaunchScreen.storyboard */ = {
			isa = PBXVariantGroup;
			children = (
				EB295CC725E4F869000E692B /* Base */,
			);
			name = LaunchScreen.storyboard;
			sourceTree = "<group>";
		};
/* End PBXVariantGroup section */

/* Begin XCBuildConfiguration section */
		EB295CCA25E4F869000E692B /* Debug */ = {
			isa = XCBuildConfiguration;
			buildSettings = {
				ALWAYS_SEARCH_USER_PATHS = NO;
				CLANG_ANALYZER_NONNULL = YES;
				CLANG_ANALYZER_NUMBER_OBJECT_CONVERSION = YES_AGGRESSIVE;
				CLANG_CXX_LANGUAGE_STANDARD = "gnu++14";
				CLANG_CXX_LIBRARY = "libc++";
				CLANG_ENABLE_MODULES = YES;
				CLANG_ENABLE_OBJC_ARC = YES;
				CLANG_ENABLE_OBJC_WEAK = YES;
				CLANG_WARN_BLOCK_CAPTURE_AUTORELEASING = YES;
				CLANG_WARN_BOOL_CONVERSION = YES;
				CLANG_WARN_COMMA = YES;
				CLANG_WARN_CONSTANT_CONVERSION = YES;
				CLANG_WARN_DEPRECATED_OBJC_IMPLEMENTATIONS = YES;
				CLANG_WARN_DIRECT_OBJC_ISA_USAGE = YES_ERROR;
				CLANG_WARN_DOCUMENTATION_COMMENTS = YES;
				CLANG_WARN_EMPTY_BODY = YES;
				CLANG_WARN_ENUM_CONVERSION = YES;
				CLANG_WARN_INFINITE_RECURSION = YES;
				CLANG_WARN_INT_CONVERSION = YES;
				CLANG_WARN_NON_LITERAL_NULL_CONVERSION = YES;
				CLANG_WARN_OBJC_IMPLICIT_RETAIN_SELF = YES;
				CLANG_WARN_OBJC_LITERAL_CONVERSION = YES;
				CLANG_WARN_OBJC_ROOT_CLASS = YES_ERROR;
				CLANG_WARN_QUOTED_INCLUDE_IN_FRAMEWORK_HEADER = YES;
				CLANG_WARN_RANGE_LOOP_ANALYSIS = YES;
				CLANG_WARN_STRICT_PROTOTYPES = YES;
				CLANG_WARN_SUSPICIOUS_MOVE = YES;
				CLANG_WARN_UNGUARDED_AVAILABILITY = YES_AGGRESSIVE;
				CLANG_WARN_UNREACHABLE_CODE = YES;
				CLANG_WARN__DUPLICATE_METHOD_MATCH = YES;
				COPY_PHASE_STRIP = NO;
				DEBUG_INFORMATION_FORMAT = dwarf;
				ENABLE_STRICT_OBJC_MSGSEND = YES;
				ENABLE_TESTABILITY = YES;
				GCC_C_LANGUAGE_STANDARD = gnu11;
				GCC_DYNAMIC_NO_PIC = NO;
				GCC_NO_COMMON_BLOCKS = YES;
				GCC_OPTIMIZATION_LEVEL = 0;
				GCC_PREPROCESSOR_DEFINITIONS = (
					"DEBUG=1",
					"$(inherited)",
				);
				GCC_WARN_64_TO_32_BIT_CONVERSION = YES;
				GCC_WARN_ABOUT_RETURN_TYPE = YES_ERROR;
				GCC_WARN_UNDECLARED_SELECTOR = YES;
				GCC_WARN_UNINITIALIZED_AUTOS = YES_AGGRESSIVE;
				GCC_WARN_UNUSED_FUNCTION = YES;
				GCC_WARN_UNUSED_VARIABLE = YES;
				IPHONEOS_DEPLOYMENT_TARGET = 14.2;
				MTL_ENABLE_DEBUG_INFO = INCLUDE_SOURCE;
				MTL_FAST_MATH = YES;
				ONLY_ACTIVE_ARCH = YES;
				SDKROOT = iphoneos;
				SWIFT_ACTIVE_COMPILATION_CONDITIONS = DEBUG;
				SWIFT_OPTIMIZATION_LEVEL = "-Onone";
			};
			name = Debug;
		};
		EB295CCB25E4F869000E692B /* Release */ = {
			isa = XCBuildConfiguration;
			buildSettings = {
				ALWAYS_SEARCH_USER_PATHS = NO;
				CLANG_ANALYZER_NONNULL = YES;
				CLANG_ANALYZER_NUMBER_OBJECT_CONVERSION = YES_AGGRESSIVE;
				CLANG_CXX_LANGUAGE_STANDARD = "gnu++14";
				CLANG_CXX_LIBRARY = "libc++";
				CLANG_ENABLE_MODULES = YES;
				CLANG_ENABLE_OBJC_ARC = YES;
				CLANG_ENABLE_OBJC_WEAK = YES;
				CLANG_WARN_BLOCK_CAPTURE_AUTORELEASING = YES;
				CLANG_WARN_BOOL_CONVERSION = YES;
				CLANG_WARN_COMMA = YES;
				CLANG_WARN_CONSTANT_CONVERSION = YES;
				CLANG_WARN_DEPRECATED_OBJC_IMPLEMENTATIONS = YES;
				CLANG_WARN_DIRECT_OBJC_ISA_USAGE = YES_ERROR;
				CLANG_WARN_DOCUMENTATION_COMMENTS = YES;
				CLANG_WARN_EMPTY_BODY = YES;
				CLANG_WARN_ENUM_CONVERSION = YES;
				CLANG_WARN_INFINITE_RECURSION = YES;
				CLANG_WARN_INT_CONVERSION = YES;
				CLANG_WARN_NON_LITERAL_NULL_CONVERSION = YES;
				CLANG_WARN_OBJC_IMPLICIT_RETAIN_SELF = YES;
				CLANG_WARN_OBJC_LITERAL_CONVERSION = YES;
				CLANG_WARN_OBJC_ROOT_CLASS = YES_ERROR;
				CLANG_WARN_QUOTED_INCLUDE_IN_FRAMEWORK_HEADER = YES;
				CLANG_WARN_RANGE_LOOP_ANALYSIS = YES;
				CLANG_WARN_STRICT_PROTOTYPES = YES;
				CLANG_WARN_SUSPICIOUS_MOVE = YES;
				CLANG_WARN_UNGUARDED_AVAILABILITY = YES_AGGRESSIVE;
				CLANG_WARN_UNREACHABLE_CODE = YES;
				CLANG_WARN__DUPLICATE_METHOD_MATCH = YES;
				COPY_PHASE_STRIP = NO;
				DEBUG_INFORMATION_FORMAT = "dwarf-with-dsym";
				ENABLE_NS_ASSERTIONS = NO;
				ENABLE_STRICT_OBJC_MSGSEND = YES;
				GCC_C_LANGUAGE_STANDARD = gnu11;
				GCC_NO_COMMON_BLOCKS = YES;
				GCC_WARN_64_TO_32_BIT_CONVERSION = YES;
				GCC_WARN_ABOUT_RETURN_TYPE = YES_ERROR;
				GCC_WARN_UNDECLARED_SELECTOR = YES;
				GCC_WARN_UNINITIALIZED_AUTOS = YES_AGGRESSIVE;
				GCC_WARN_UNUSED_FUNCTION = YES;
				GCC_WARN_UNUSED_VARIABLE = YES;
				IPHONEOS_DEPLOYMENT_TARGET = 14.2;
				MTL_ENABLE_DEBUG_INFO = NO;
				MTL_FAST_MATH = YES;
				SDKROOT = iphoneos;
				SWIFT_COMPILATION_MODE = wholemodule;
				SWIFT_OPTIMIZATION_LEVEL = "-O";
				VALIDATE_PRODUCT = YES;
			};
			name = Release;
		};
		EB295CCD25E4F869000E692B /* Debug */ = {
			isa = XCBuildConfiguration;
			buildSettings = {
				ASSETCATALOG_COMPILER_APPICON_NAME = AppIcon;
				ASSETCATALOG_COMPILER_GLOBAL_ACCENT_COLOR_NAME = AccentColor;
				CODE_SIGN_STYLE = Automatic;
				DEVELOPMENT_TEAM = K924X73642;
				INFOPLIST_FILE = ContainerViewController/Info.plist;
				LD_RUNPATH_SEARCH_PATHS = (
					"$(inherited)",
					"@executable_path/Frameworks",
				);
				PRODUCT_BUNDLE_IDENTIFIER = com.tanvirgeek.ContainerViewController;
				PRODUCT_NAME = "$(TARGET_NAME)";
				SWIFT_VERSION = 5.0;
				TARGETED_DEVICE_FAMILY = "1,2";
			};
			name = Debug;
		};
		EB295CCE25E4F869000E692B /* Release */ = {
			isa = XCBuildConfiguration;
			buildSettings = {
				ASSETCATALOG_COMPILER_APPICON_NAME = AppIcon;
				ASSETCATALOG_COMPILER_GLOBAL_ACCENT_COLOR_NAME = AccentColor;
				CODE_SIGN_STYLE = Automatic;
				DEVELOPMENT_TEAM = K924X73642;
				INFOPLIST_FILE = ContainerViewController/Info.plist;
				LD_RUNPATH_SEARCH_PATHS = (
					"$(inherited)",
					"@executable_path/Frameworks",
				);
				PRODUCT_BUNDLE_IDENTIFIER = com.tanvirgeek.ContainerViewController;
				PRODUCT_NAME = "$(TARGET_NAME)";
				SWIFT_VERSION = 5.0;
				TARGETED_DEVICE_FAMILY = "1,2";
			};
			name = Release;
		};
/* End XCBuildConfiguration section */

/* Begin XCConfigurationList section */
		EB295CB325E4F85F000E692B /* Build configuration list for PBXProject "ContainerViewController" */ = {
			isa = XCConfigurationList;
			buildConfigurations = (
				EB295CCA25E4F869000E692B /* Debug */,
				EB295CCB25E4F869000E692B /* Release */,
			);
			defaultConfigurationIsVisible = 0;
			defaultConfigurationName = Release;
		};
		EB295CCC25E4F869000E692B /* Build configuration list for PBXNativeTarget "ContainerViewController" */ = {
			isa = XCConfigurationList;
			buildConfigurations = (
				EB295CCD25E4F869000E692B /* Debug */,
				EB295CCE25E4F869000E692B /* Release */,
			);
			defaultConfigurationIsVisible = 0;
			defaultConfigurationName = Release;
		};
/* End XCConfigurationList section */
	};
	rootObject = EB295CB025E4F85F000E692B /* Project object */;
}
